
Microsoft Visual Studio Solution File, Format Version 12.00
# Visual Studio Version 16
VisualStudioVersion = 16.0.30717.126
MinimumVisualStudioVersion = 10.0.40219.1
Project("{9A19103F-16F7-4668-BE54-9A1E7A4F7556}") = "DeliveryOrder.Api", "DeliveryOrder.Api\DeliveryOrder.Api.csproj", "{04AE70BB-E33F-46B5-8AB4-487BFDEABB3C}"
EndProject
Project("{9A19103F-16F7-4668-BE54-9A1E7A4F7556}") = "Contracts", "GoLogs.Contracts\Contracts.csproj", "{86B22DF4-33BF-44BA-80E7-29777BF87CA2}"
EndProject
Project("{2150E333-8FDC-42A3-9474-1A3956D46DE8}") = "Solution Items", "Solution Items", "{DD252D0C-8448-4F9D-B2E8-BBBB855301D1}"
	ProjectSection(SolutionItems) = preProject
		.editorconfig = .editorconfig
	EndProjectSection
EndProject
Global
	GlobalSection(SolutionConfigurationPlatforms) = preSolution
		Debug|Any CPU = Debug|Any CPU
		Release|Any CPU = Release|Any CPU
	EndGlobalSection
	GlobalSection(ProjectConfigurationPlatforms) = postSolution
		{04AE70BB-E33F-46B5-8AB4-487BFDEABB3C}.Debug|Any CPU.ActiveCfg = Debug|Any CPU
		{04AE70BB-E33F-46B5-8AB4-487BFDEABB3C}.Debug|Any CPU.Build.0 = Debug|Any CPU
		{04AE70BB-E33F-46B5-8AB4-487BFDEABB3C}.Release|Any CPU.ActiveCfg = Release|Any CPU
		{04AE70BB-E33F-46B5-8AB4-487BFDEABB3C}.Release|Any CPU.Build.0 = Release|Any CPU
		{86B22DF4-33BF-44BA-80E7-29777BF87CA2}.Debug|Any CPU.ActiveCfg = Debug|Any CPU
		{86B22DF4-33BF-44BA-80E7-29777BF87CA2}.Debug|Any CPU.Build.0 = Debug|Any CPU
		{86B22DF4-33BF-44BA-80E7-29777BF87CA2}.Release|Any CPU.ActiveCfg = Release|Any CPU
		{86B22DF4-33BF-44BA-80E7-29777BF87CA2}.Release|Any CPU.Build.0 = Release|Any CPU
	EndGlobalSection
	GlobalSection(SolutionProperties) = preSolution
		HideSolutionNode = FALSE
	EndGlobalSection
	GlobalSection(ExtensibilityGlobals) = postSolution
		SolutionGuid = {746F8D37-82C5-44D5-8C36-4E79C73AB418}
	EndGlobalSection
EndGlobal
